
Microsoft Visual Studio Solution File, Format Version 11.00
# Visual Studio 2010
Project("{FAE04EC0-301F-11D3-BF4B-00C04F79EFBC}") = "Assembly-CSharp-firstpass", "Assembly-CSharp-firstpass.csproj", "{F48A2993-95C1-888F-E437-7A77D8E3D8FA}"
EndProject
Project("{FAE04EC0-301F-11D3-BF4B-00C04F79EFBC}") = "Assembly-CSharp", "Assembly-CSharp.csproj", "{48882C91-27D0-AFD3-FD34-6ABCEA8E5A77}"
EndProject
Project("{FAE04EC0-301F-11D3-BF4B-00C04F79EFBC}") = "Assembly-CSharp-Editor-firstpass", "Assembly-CSharp-Editor-firstpass.csproj", "{A92BC148-8492-5EE9-33C5-909257E2373B}"
EndProject
Project("{FAE04EC0-301F-11D3-BF4B-00C04F79EFBC}") = "Assembly-CSharp-Editor", "Assembly-CSharp-Editor.csproj", "{BA4611EF-C7C3-D1E9-4FE9-D4BA250CA776}"
EndProject
Global
	GlobalSection(SolutionConfigurationPlatforms) = preSolution
		Debug|Any CPU = Debug|Any CPU
		Release|Any CPU = Release|Any CPU
	EndGlobalSection
	GlobalSection(ProjectConfigurationPlatforms) = postSolution
		{F48A2993-95C1-888F-E437-7A77D8E3D8FA}.Debug|Any CPU.ActiveCfg = Debug|Any CPU
		{F48A2993-95C1-888F-E437-7A77D8E3D8FA}.Debug|Any CPU.Build.0 = Debug|Any CPU
		{F48A2993-95C1-888F-E437-7A77D8E3D8FA}.Release|Any CPU.ActiveCfg = Release|Any CPU
		{F48A2993-95C1-888F-E437-7A77D8E3D8FA}.Release|Any CPU.Build.0 = Release|Any CPU
		{48882C91-27D0-AFD3-FD34-6ABCEA8E5A77}.Debug|Any CPU.ActiveCfg = Debug|Any CPU
		{48882C91-27D0-AFD3-FD34-6ABCEA8E5A77}.Debug|Any CPU.Build.0 = Debug|Any CPU
		{48882C91-27D0-AFD3-FD34-6ABCEA8E5A77}.Release|Any CPU.ActiveCfg = Release|Any CPU
		{48882C91-27D0-AFD3-FD34-6ABCEA8E5A77}.Release|Any CPU.Build.0 = Release|Any CPU
		{A92BC148-8492-5EE9-33C5-909257E2373B}.Debug|Any CPU.ActiveCfg = Debug|Any CPU
		{A92BC148-8492-5EE9-33C5-909257E2373B}.Debug|Any CPU.Build.0 = Debug|Any CPU
		{A92BC148-8492-5EE9-33C5-909257E2373B}.Release|Any CPU.ActiveCfg = Release|Any CPU
		{A92BC148-8492-5EE9-33C5-909257E2373B}.Release|Any CPU.Build.0 = Release|Any CPU
		{BA4611EF-C7C3-D1E9-4FE9-D4BA250CA776}.Debug|Any CPU.ActiveCfg = Debug|Any CPU
		{BA4611EF-C7C3-D1E9-4FE9-D4BA250CA776}.Debug|Any CPU.Build.0 = Debug|Any CPU
		{BA4611EF-C7C3-D1E9-4FE9-D4BA250CA776}.Release|Any CPU.ActiveCfg = Release|Any CPU
		{BA4611EF-C7C3-D1E9-4FE9-D4BA250CA776}.Release|Any CPU.Build.0 = Release|Any CPU
	EndGlobalSection
	GlobalSection(SolutionProperties) = preSolution
		HideSolutionNode = FALSE
	EndGlobalSection
EndGlobal
